// !$*UTF8*$!
{
	archiveVersion = 1;
	classes = {
	};
	objectVersion = 46;
	objects = {

/* Begin PBXBuildFile section */
		0637029E154ED5890076AB68 /* UIKit.framework in Frameworks */ = {isa = PBXBuildFile; fileRef = 0637029D154ED5890076AB68 /* UIKit.framework */; };
		063702A0154ED5890076AB68 /* Foundation.framework in Frameworks */ = {isa = PBXBuildFile; fileRef = 0637029F154ED5890076AB68 /* Foundation.framework */; };
		063702A2154ED5890076AB68 /* CoreGraphics.framework in Frameworks */ = {isa = PBXBuildFile; fileRef = 063702A1154ED5890076AB68 /* CoreGraphics.framework */; };
		063702A8154ED5890076AB68 /* InfoPlist.strings in Resources */ = {isa = PBXBuildFile; fileRef = 063702A6154ED5890076AB68 /* InfoPlist.strings */; };
		063702AA154ED5890076AB68 /* main.m in Sources */ = {isa = PBXBuildFile; fileRef = 063702A9154ED5890076AB68 /* main.m */; };
		063702AE154ED5890076AB68 /* AppDelegate.m in Sources */ = {isa = PBXBuildFile; fileRef = 063702AD154ED5890076AB68 /* AppDelegate.m */; };
		063702B1154ED5890076AB68 /* MainStoryboard.storyboard in Resources */ = {isa = PBXBuildFile; fileRef = 063702AF154ED5890076AB68 /* MainStoryboard.storyboard */; };
		063702B4154ED5890076AB68 /* MasterViewController.m in Sources */ = {isa = PBXBuildFile; fileRef = 063702B3154ED5890076AB68 /* MasterViewController.m */; };
		063702BF154ED58A0076AB68 /* SenTestingKit.framework in Frameworks */ = {isa = PBXBuildFile; fileRef = 063702BE154ED58A0076AB68 /* SenTestingKit.framework */; };
		063702C0154ED58A0076AB68 /* UIKit.framework in Frameworks */ = {isa = PBXBuildFile; fileRef = 0637029D154ED5890076AB68 /* UIKit.framework */; };
		063702C1154ED58A0076AB68 /* Foundation.framework in Frameworks */ = {isa = PBXBuildFile; fileRef = 0637029F154ED5890076AB68 /* Foundation.framework */; };
		063702C9154ED58A0076AB68 /* InfoPlist.strings in Resources */ = {isa = PBXBuildFile; fileRef = 063702C7154ED58A0076AB68 /* InfoPlist.strings */; };
		063702CC154ED58A0076AB68 /* ShareViewTests.m in Sources */ = {isa = PBXBuildFile; fileRef = 063702CB154ED58A0076AB68 /* ShareViewTests.m */; };
		063702D7154ED6010076AB68 /* ShareViewController.m in Sources */ = {isa = PBXBuildFile; fileRef = 063702D6154ED6010076AB68 /* ShareViewController.m */; };
		063702DB154ED7BD0076AB68 /* facebook_icon.jpg in Resources */ = {isa = PBXBuildFile; fileRef = 063702D9154ED7BD0076AB68 /* facebook_icon.jpg */; };
		063702DC154ED7BD0076AB68 /* twitter_icon.jpg in Resources */ = {isa = PBXBuildFile; fileRef = 063702DA154ED7BD0076AB68 /* twitter_icon.jpg */; };
		063702FF154ED81C0076AB68 /* Facebook.m in Sources */ = {isa = PBXBuildFile; fileRef = 063702E2154ED81C0076AB68 /* Facebook.m */; settings = {COMPILER_FLAGS = "-fno-objc-arc"; }; };
		06370300154ED81C0076AB68 /* FBDialog.bundle in Resources */ = {isa = PBXBuildFile; fileRef = 063702E5154ED81C0076AB68 /* FBDialog.bundle */; };
		06370301154ED81C0076AB68 /* FBDialog.m in Sources */ = {isa = PBXBuildFile; fileRef = 063702E7154ED81C0076AB68 /* FBDialog.m */; settings = {COMPILER_FLAGS = "-fno-objc-arc"; }; };
		06370302154ED81C0076AB68 /* FBFrictionlessRequestSettings.m in Sources */ = {isa = PBXBuildFile; fileRef = 063702E9154ED81C0076AB68 /* FBFrictionlessRequestSettings.m */; settings = {COMPILER_FLAGS = "-fno-objc-arc"; }; };
		06370303154ED81C0076AB68 /* FBLoginDialog.m in Sources */ = {isa = PBXBuildFile; fileRef = 063702EB154ED81C0076AB68 /* FBLoginDialog.m */; settings = {COMPILER_FLAGS = "-fno-objc-arc"; }; };
		06370304154ED81C0076AB68 /* FBRequest.m in Sources */ = {isa = PBXBuildFile; fileRef = 063702ED154ED81C0076AB68 /* FBRequest.m */; settings = {COMPILER_FLAGS = "-fno-objc-arc"; }; };
		06370305154ED81C0076AB68 /* NSObject+SBJSON.m in Sources */ = {isa = PBXBuildFile; fileRef = 063702F1154ED81C0076AB68 /* NSObject+SBJSON.m */; settings = {COMPILER_FLAGS = "-fno-objc-arc"; }; };
		06370306154ED81C0076AB68 /* NSString+SBJSON.m in Sources */ = {isa = PBXBuildFile; fileRef = 063702F3154ED81C0076AB68 /* NSString+SBJSON.m */; settings = {COMPILER_FLAGS = "-fno-objc-arc"; }; };
		06370307154ED81C0076AB68 /* SBJSON.m in Sources */ = {isa = PBXBuildFile; fileRef = 063702F5154ED81C0076AB68 /* SBJSON.m */; settings = {COMPILER_FLAGS = "-fno-objc-arc"; }; };
		06370308154ED81C0076AB68 /* SBJsonBase.m in Sources */ = {isa = PBXBuildFile; fileRef = 063702F7154ED81C0076AB68 /* SBJsonBase.m */; settings = {COMPILER_FLAGS = "-fno-objc-arc"; }; };
		06370309154ED81C0076AB68 /* SBJsonParser.m in Sources */ = {isa = PBXBuildFile; fileRef = 063702F9154ED81C0076AB68 /* SBJsonParser.m */; settings = {COMPILER_FLAGS = "-fno-objc-arc"; }; };
		0637030A154ED81C0076AB68 /* SBJsonWriter.m in Sources */ = {isa = PBXBuildFile; fileRef = 063702FB154ED81C0076AB68 /* SBJsonWriter.m */; settings = {COMPILER_FLAGS = "-fno-objc-arc"; }; };
		06370310154ED8370076AB68 /* Accounts.framework in Frameworks */ = {isa = PBXBuildFile; fileRef = 0637030E154ED8370076AB68 /* Accounts.framework */; };
		06370311154ED8370076AB68 /* Twitter.framework in Frameworks */ = {isa = PBXBuildFile; fileRef = 0637030F154ED8370076AB68 /* Twitter.framework */; };
		06370332155276440076AB68 /* PendingView.m in Sources */ = {isa = PBXBuildFile; fileRef = 06370331155276440076AB68 /* PendingView.m */; };
		06370348155279BF0076AB68 /* QuartzCore.framework in Frameworks */ = {isa = PBXBuildFile; fileRef = 06370347155279BF0076AB68 /* QuartzCore.framework */; };
		0637034915527AC90076AB68 /* PendingView.m in Sources */ = {isa = PBXBuildFile; fileRef = 06370331155276440076AB68 /* PendingView.m */; };
		0637035515527B620076AB68 /* Localizable.strings in Resources */ = {isa = PBXBuildFile; fileRef = 0637035315527B620076AB68 /* Localizable.strings */; };
		0637035815527B6A0076AB68 /* Localizable.strings in Resources */ = {isa = PBXBuildFile; fileRef = 0637035615527B6A0076AB68 /* Localizable.strings */; };
/* End PBXBuildFile section */

/* Begin PBXContainerItemProxy section */
		063702C2154ED58A0076AB68 /* PBXContainerItemProxy */ = {
			isa = PBXContainerItemProxy;
			containerPortal = 06370290154ED5890076AB68 /* Project object */;
			proxyType = 1;
			remoteGlobalIDString = 06370298154ED5890076AB68;
			remoteInfo = ShareView;
		};
		0637030C154ED81C0076AB68 /* PBXContainerItemProxy */ = {
			isa = PBXContainerItemProxy;
			containerPortal = 063702DE154ED81C0076AB68 /* facebook-ios-sdk.xcodeproj */;
			proxyType = 2;
			remoteGlobalIDString = D2AAC07E0554694100DB518D;
			remoteInfo = "facebook-ios-sdk";
		};
/* End PBXContainerItemProxy section */

/* Begin PBXFileReference section */
		06370299154ED5890076AB68 /* ShareView.app */ = {isa = PBXFileReference; explicitFileType = wrapper.application; includeInIndex = 0; path = ShareView.app; sourceTree = BUILT_PRODUCTS_DIR; };
		0637029D154ED5890076AB68 /* UIKit.framework */ = {isa = PBXFileReference; lastKnownFileType = wrapper.framework; name = UIKit.framework; path = System/Library/Frameworks/UIKit.framework; sourceTree = SDKROOT; };
		0637029F154ED5890076AB68 /* Foundation.framework */ = {isa = PBXFileReference; lastKnownFileType = wrapper.framework; name = Foundation.framework; path = System/Library/Frameworks/Foundation.framework; sourceTree = SDKROOT; };
		063702A1154ED5890076AB68 /* CoreGraphics.framework */ = {isa = PBXFileReference; lastKnownFileType = wrapper.framework; name = CoreGraphics.framework; path = System/Library/Frameworks/CoreGraphics.framework; sourceTree = SDKROOT; };
		063702A5154ED5890076AB68 /* ShareView-Info.plist */ = {isa = PBXFileReference; lastKnownFileType = text.plist.xml; path = "ShareView-Info.plist"; sourceTree = "<group>"; };
		063702A7154ED5890076AB68 /* en */ = {isa = PBXFileReference; lastKnownFileType = text.plist.strings; name = en; path = en.lproj/InfoPlist.strings; sourceTree = "<group>"; };
		063702A9154ED5890076AB68 /* main.m */ = {isa = PBXFileReference; lastKnownFileType = sourcecode.c.objc; path = main.m; sourceTree = "<group>"; };
		063702AB154ED5890076AB68 /* ShareView-Prefix.pch */ = {isa = PBXFileReference; lastKnownFileType = sourcecode.c.h; path = "ShareView-Prefix.pch"; sourceTree = "<group>"; };
		063702AC154ED5890076AB68 /* AppDelegate.h */ = {isa = PBXFileReference; lastKnownFileType = sourcecode.c.h; path = AppDelegate.h; sourceTree = "<group>"; };
		063702AD154ED5890076AB68 /* AppDelegate.m */ = {isa = PBXFileReference; lastKnownFileType = sourcecode.c.objc; path = AppDelegate.m; sourceTree = "<group>"; };
		063702B0154ED5890076AB68 /* en */ = {isa = PBXFileReference; lastKnownFileType = file.storyboard; name = en; path = en.lproj/MainStoryboard.storyboard; sourceTree = "<group>"; };
		063702B2154ED5890076AB68 /* MasterViewController.h */ = {isa = PBXFileReference; lastKnownFileType = sourcecode.c.h; path = MasterViewController.h; sourceTree = "<group>"; };
		063702B3154ED5890076AB68 /* MasterViewController.m */ = {isa = PBXFileReference; lastKnownFileType = sourcecode.c.objc; path = MasterViewController.m; sourceTree = "<group>"; };
		063702BD154ED58A0076AB68 /* ShareViewTests.octest */ = {isa = PBXFileReference; explicitFileType = wrapper.cfbundle; includeInIndex = 0; path = ShareViewTests.octest; sourceTree = BUILT_PRODUCTS_DIR; };
		063702BE154ED58A0076AB68 /* SenTestingKit.framework */ = {isa = PBXFileReference; lastKnownFileType = wrapper.framework; name = SenTestingKit.framework; path = Library/Frameworks/SenTestingKit.framework; sourceTree = DEVELOPER_DIR; };
		063702C6154ED58A0076AB68 /* ShareViewTests-Info.plist */ = {isa = PBXFileReference; lastKnownFileType = text.plist.xml; path = "ShareViewTests-Info.plist"; sourceTree = "<group>"; };
		063702C8154ED58A0076AB68 /* en */ = {isa = PBXFileReference; lastKnownFileType = text.plist.strings; name = en; path = en.lproj/InfoPlist.strings; sourceTree = "<group>"; };
		063702CA154ED58A0076AB68 /* ShareViewTests.h */ = {isa = PBXFileReference; lastKnownFileType = sourcecode.c.h; path = ShareViewTests.h; sourceTree = "<group>"; };
		063702CB154ED58A0076AB68 /* ShareViewTests.m */ = {isa = PBXFileReference; lastKnownFileType = sourcecode.c.objc; path = ShareViewTests.m; sourceTree = "<group>"; };
		063702D5154ED6010076AB68 /* ShareViewController.h */ = {isa = PBXFileReference; fileEncoding = 4; lastKnownFileType = sourcecode.c.h; path = ShareViewController.h; sourceTree = "<group>"; };
		063702D6154ED6010076AB68 /* ShareViewController.m */ = {isa = PBXFileReference; fileEncoding = 4; lastKnownFileType = sourcecode.c.objc; path = ShareViewController.m; sourceTree = "<group>"; };
		063702D9154ED7BD0076AB68 /* facebook_icon.jpg */ = {isa = PBXFileReference; lastKnownFileType = image.jpeg; name = facebook_icon.jpg; path = ShareView/images/facebook_icon.jpg; sourceTree = "<group>"; };
		063702DA154ED7BD0076AB68 /* twitter_icon.jpg */ = {isa = PBXFileReference; lastKnownFileType = image.jpeg; name = twitter_icon.jpg; path = ShareView/images/twitter_icon.jpg; sourceTree = "<group>"; };
		063702DE154ED81C0076AB68 /* facebook-ios-sdk.xcodeproj */ = {isa = PBXFileReference; lastKnownFileType = "wrapper.pb-project"; path = "facebook-ios-sdk.xcodeproj"; sourceTree = "<group>"; };
		063702E1154ED81C0076AB68 /* Facebook.h */ = {isa = PBXFileReference; fileEncoding = 4; lastKnownFileType = sourcecode.c.h; path = Facebook.h; sourceTree = "<group>"; };
		063702E2154ED81C0076AB68 /* Facebook.m */ = {isa = PBXFileReference; fileEncoding = 4; lastKnownFileType = sourcecode.c.objc; path = Facebook.m; sourceTree = "<group>"; };
		063702E3154ED81C0076AB68 /* facebook_ios_sdk_Prefix.pch */ = {isa = PBXFileReference; fileEncoding = 4; lastKnownFileType = sourcecode.c.h; path = facebook_ios_sdk_Prefix.pch; sourceTree = "<group>"; };
		063702E4154ED81C0076AB68 /* FBConnect.h */ = {isa = PBXFileReference; fileEncoding = 4; lastKnownFileType = sourcecode.c.h; path = FBConnect.h; sourceTree = "<group>"; };
		063702E5154ED81C0076AB68 /* FBDialog.bundle */ = {isa = PBXFileReference; lastKnownFileType = "wrapper.plug-in"; path = FBDialog.bundle; sourceTree = "<group>"; };
		063702E6154ED81C0076AB68 /* FBDialog.h */ = {isa = PBXFileReference; fileEncoding = 4; lastKnownFileType = sourcecode.c.h; path = FBDialog.h; sourceTree = "<group>"; };
		063702E7154ED81C0076AB68 /* FBDialog.m */ = {isa = PBXFileReference; fileEncoding = 4; lastKnownFileType = sourcecode.c.objc; path = FBDialog.m; sourceTree = "<group>"; };
		063702E8154ED81C0076AB68 /* FBFrictionlessRequestSettings.h */ = {isa = PBXFileReference; fileEncoding = 4; lastKnownFileType = sourcecode.c.h; path = FBFrictionlessRequestSettings.h; sourceTree = "<group>"; };
		063702E9154ED81C0076AB68 /* FBFrictionlessRequestSettings.m */ = {isa = PBXFileReference; fileEncoding = 4; lastKnownFileType = sourcecode.c.objc; path = FBFrictionlessRequestSettings.m; sourceTree = "<group>"; };
		063702EA154ED81C0076AB68 /* FBLoginDialog.h */ = {isa = PBXFileReference; fileEncoding = 4; lastKnownFileType = sourcecode.c.h; path = FBLoginDialog.h; sourceTree = "<group>"; };
		063702EB154ED81C0076AB68 /* FBLoginDialog.m */ = {isa = PBXFileReference; fileEncoding = 4; lastKnownFileType = sourcecode.c.objc; path = FBLoginDialog.m; sourceTree = "<group>"; };
		063702EC154ED81C0076AB68 /* FBRequest.h */ = {isa = PBXFileReference; fileEncoding = 4; lastKnownFileType = sourcecode.c.h; path = FBRequest.h; sourceTree = "<group>"; };
		063702ED154ED81C0076AB68 /* FBRequest.m */ = {isa = PBXFileReference; fileEncoding = 4; lastKnownFileType = sourcecode.c.objc; path = FBRequest.m; sourceTree = "<group>"; };
		063702EF154ED81C0076AB68 /* JSON.h */ = {isa = PBXFileReference; fileEncoding = 4; lastKnownFileType = sourcecode.c.h; path = JSON.h; sourceTree = "<group>"; };
		063702F0154ED81C0076AB68 /* NSObject+SBJSON.h */ = {isa = PBXFileReference; fileEncoding = 4; lastKnownFileType = sourcecode.c.h; path = "NSObject+SBJSON.h"; sourceTree = "<group>"; };
		063702F1154ED81C0076AB68 /* NSObject+SBJSON.m */ = {isa = PBXFileReference; fileEncoding = 4; lastKnownFileType = sourcecode.c.objc; path = "NSObject+SBJSON.m"; sourceTree = "<group>"; };
		063702F2154ED81C0076AB68 /* NSString+SBJSON.h */ = {isa = PBXFileReference; fileEncoding = 4; lastKnownFileType = sourcecode.c.h; path = "NSString+SBJSON.h"; sourceTree = "<group>"; };
		063702F3154ED81C0076AB68 /* NSString+SBJSON.m */ = {isa = PBXFileReference; fileEncoding = 4; lastKnownFileType = sourcecode.c.objc; path = "NSString+SBJSON.m"; sourceTree = "<group>"; };
		063702F4154ED81C0076AB68 /* SBJSON.h */ = {isa = PBXFileReference; fileEncoding = 4; lastKnownFileType = sourcecode.c.h; path = SBJSON.h; sourceTree = "<group>"; };
		063702F5154ED81C0076AB68 /* SBJSON.m */ = {isa = PBXFileReference; fileEncoding = 4; lastKnownFileType = sourcecode.c.objc; path = SBJSON.m; sourceTree = "<group>"; };
		063702F6154ED81C0076AB68 /* SBJsonBase.h */ = {isa = PBXFileReference; fileEncoding = 4; lastKnownFileType = sourcecode.c.h; path = SBJsonBase.h; sourceTree = "<group>"; };
		063702F7154ED81C0076AB68 /* SBJsonBase.m */ = {isa = PBXFileReference; fileEncoding = 4; lastKnownFileType = sourcecode.c.objc; path = SBJsonBase.m; sourceTree = "<group>"; };
		063702F8154ED81C0076AB68 /* SBJsonParser.h */ = {isa = PBXFileReference; fileEncoding = 4; lastKnownFileType = sourcecode.c.h; path = SBJsonParser.h; sourceTree = "<group>"; };
		063702F9154ED81C0076AB68 /* SBJsonParser.m */ = {isa = PBXFileReference; fileEncoding = 4; lastKnownFileType = sourcecode.c.objc; path = SBJsonParser.m; sourceTree = "<group>"; };
		063702FA154ED81C0076AB68 /* SBJsonWriter.h */ = {isa = PBXFileReference; fileEncoding = 4; lastKnownFileType = sourcecode.c.h; path = SBJsonWriter.h; sourceTree = "<group>"; };
		063702FB154ED81C0076AB68 /* SBJsonWriter.m */ = {isa = PBXFileReference; fileEncoding = 4; lastKnownFileType = sourcecode.c.objc; path = SBJsonWriter.m; sourceTree = "<group>"; };
		0637030E154ED8370076AB68 /* Accounts.framework */ = {isa = PBXFileReference; lastKnownFileType = wrapper.framework; name = Accounts.framework; path = System/Library/Frameworks/Accounts.framework; sourceTree = SDKROOT; };
		0637030F154ED8370076AB68 /* Twitter.framework */ = {isa = PBXFileReference; lastKnownFileType = wrapper.framework; name = Twitter.framework; path = System/Library/Frameworks/Twitter.framework; sourceTree = SDKROOT; };
		06370330155276440076AB68 /* PendingView.h */ = {isa = PBXFileReference; fileEncoding = 4; lastKnownFileType = sourcecode.c.h; path = PendingView.h; sourceTree = "<group>"; };
		06370331155276440076AB68 /* PendingView.m */ = {isa = PBXFileReference; fileEncoding = 4; lastKnownFileType = sourcecode.c.objc; path = PendingView.m; sourceTree = "<group>"; };
		06370347155279BF0076AB68 /* QuartzCore.framework */ = {isa = PBXFileReference; lastKnownFileType = wrapper.framework; name = QuartzCore.framework; path = System/Library/Frameworks/QuartzCore.framework; sourceTree = SDKROOT; };
		0637035415527B620076AB68 /* ja */ = {isa = PBXFileReference; lastKnownFileType = text.plist.strings; name = ja; path = Localizable.strings; sourceTree = "<group>"; };
		0637035715527B6A0076AB68 /* en */ = {isa = PBXFileReference; lastKnownFileType = text.plist.strings; name = en; path = Localizable.strings; sourceTree = "<group>"; };
/* End PBXFileReference section */

/* Begin PBXFrameworksBuildPhase section */
		06370296154ED5890076AB68 /* Frameworks */ = {
			isa = PBXFrameworksBuildPhase;
			buildActionMask = 2147483647;
			files = (
				0637029E154ED5890076AB68 /* UIKit.framework in Frameworks */,
				063702A0154ED5890076AB68 /* Foundation.framework in Frameworks */,
				063702A2154ED5890076AB68 /* CoreGraphics.framework in Frameworks */,
				06370310154ED8370076AB68 /* Accounts.framework in Frameworks */,
				06370311154ED8370076AB68 /* Twitter.framework in Frameworks */,
				06370348155279BF0076AB68 /* QuartzCore.framework in Frameworks */,
			);
			runOnlyForDeploymentPostprocessing = 0;
		};
		063702B9154ED58A0076AB68 /* Frameworks */ = {
			isa = PBXFrameworksBuildPhase;
			buildActionMask = 2147483647;
			files = (
				063702BF154ED58A0076AB68 /* SenTestingKit.framework in Frameworks */,
				063702C0154ED58A0076AB68 /* UIKit.framework in Frameworks */,
				063702C1154ED58A0076AB68 /* Foundation.framework in Frameworks */,
			);
			runOnlyForDeploymentPostprocessing = 0;
		};
/* End PBXFrameworksBuildPhase section */

/* Begin PBXGroup section */
		0637028E154ED5890076AB68 = {
			isa = PBXGroup;
			children = (
				063702A3154ED5890076AB68 /* ShareView */,
				063702C4154ED58A0076AB68 /* ShareViewTests */,
				0637029C154ED5890076AB68 /* Frameworks */,
				0637029A154ED5890076AB68 /* Products */,
				063702D8154ED7A20076AB68 /* Resources */,
			);
			sourceTree = "<group>";
		};
		0637029A154ED5890076AB68 /* Products */ = {
			isa = PBXGroup;
			children = (
				06370299154ED5890076AB68 /* ShareView.app */,
				063702BD154ED58A0076AB68 /* ShareViewTests.octest */,
			);
			name = Products;
			sourceTree = "<group>";
		};
		0637029C154ED5890076AB68 /* Frameworks */ = {
			isa = PBXGroup;
			children = (
				063702DD154ED81C0076AB68 /* facebook-sdk */,
				06370347155279BF0076AB68 /* QuartzCore.framework */,
				0637030E154ED8370076AB68 /* Accounts.framework */,
				0637030F154ED8370076AB68 /* Twitter.framework */,
				0637029D154ED5890076AB68 /* UIKit.framework */,
				0637029F154ED5890076AB68 /* Foundation.framework */,
				063702A1154ED5890076AB68 /* CoreGraphics.framework */,
				063702BE154ED58A0076AB68 /* SenTestingKit.framework */,
			);
			name = Frameworks;
			sourceTree = "<group>";
		};
		063702A3154ED5890076AB68 /* ShareView */ = {
			isa = PBXGroup;
			children = (
				063702AC154ED5890076AB68 /* AppDelegate.h */,
				063702AD154ED5890076AB68 /* AppDelegate.m */,
				063702AF154ED5890076AB68 /* MainStoryboard.storyboard */,
				06370330155276440076AB68 /* PendingView.h */,
				06370331155276440076AB68 /* PendingView.m */,
				063702B2154ED5890076AB68 /* MasterViewController.h */,
				063702B3154ED5890076AB68 /* MasterViewController.m */,
				063702D5154ED6010076AB68 /* ShareViewController.h */,
				063702D6154ED6010076AB68 /* ShareViewController.m */,
				063702A4154ED5890076AB68 /* Supporting Files */,
			);
			path = ShareView;
			sourceTree = "<group>";
		};
		063702A4154ED5890076AB68 /* Supporting Files */ = {
			isa = PBXGroup;
			children = (
				063702A5154ED5890076AB68 /* ShareView-Info.plist */,
				063702A6154ED5890076AB68 /* InfoPlist.strings */,
				063702A9154ED5890076AB68 /* main.m */,
				063702AB154ED5890076AB68 /* ShareView-Prefix.pch */,
			);
			name = "Supporting Files";
			sourceTree = "<group>";
		};
		063702C4154ED58A0076AB68 /* ShareViewTests */ = {
			isa = PBXGroup;
			children = (
				063702CA154ED58A0076AB68 /* ShareViewTests.h */,
				063702CB154ED58A0076AB68 /* ShareViewTests.m */,
				063702C5154ED58A0076AB68 /* Supporting Files */,
			);
			path = ShareViewTests;
			sourceTree = "<group>";
		};
		063702C5154ED58A0076AB68 /* Supporting Files */ = {
			isa = PBXGroup;
			children = (
				063702C6154ED58A0076AB68 /* ShareViewTests-Info.plist */,
				063702C7154ED58A0076AB68 /* InfoPlist.strings */,
			);
			name = "Supporting Files";
			sourceTree = "<group>";
		};
		063702D8154ED7A20076AB68 /* Resources */ = {
			isa = PBXGroup;
			children = (
				0637035215527B350076AB68 /* ja.lproj */,
				0637034B15527B270076AB68 /* en.lproj */,
				0637034A15527AE80076AB68 /* images */,
			);
			name = Resources;
			sourceTree = "<group>";
		};
		063702DD154ED81C0076AB68 /* facebook-sdk */ = {
			isa = PBXGroup;
			children = (
				063702DE154ED81C0076AB68 /* facebook-ios-sdk.xcodeproj */,
				063702E1154ED81C0076AB68 /* Facebook.h */,
				063702E2154ED81C0076AB68 /* Facebook.m */,
				063702E3154ED81C0076AB68 /* facebook_ios_sdk_Prefix.pch */,
				063702E4154ED81C0076AB68 /* FBConnect.h */,
				063702E5154ED81C0076AB68 /* FBDialog.bundle */,
				063702E6154ED81C0076AB68 /* FBDialog.h */,
				063702E7154ED81C0076AB68 /* FBDialog.m */,
				063702E8154ED81C0076AB68 /* FBFrictionlessRequestSettings.h */,
				063702E9154ED81C0076AB68 /* FBFrictionlessRequestSettings.m */,
				063702EA154ED81C0076AB68 /* FBLoginDialog.h */,
				063702EB154ED81C0076AB68 /* FBLoginDialog.m */,
				063702EC154ED81C0076AB68 /* FBRequest.h */,
				063702ED154ED81C0076AB68 /* FBRequest.m */,
				063702EE154ED81C0076AB68 /* JSON */,
			);
			path = "facebook-sdk";
			sourceTree = "<group>";
		};
		063702DF154ED81C0076AB68 /* Products */ = {
			isa = PBXGroup;
			children = (
				0637030D154ED81C0076AB68 /* libfacebook_ios_sdk.a */,
			);
			name = Products;
			sourceTree = "<group>";
		};
		063702EE154ED81C0076AB68 /* JSON */ = {
			isa = PBXGroup;
			children = (
				063702EF154ED81C0076AB68 /* JSON.h */,
				063702F0154ED81C0076AB68 /* NSObject+SBJSON.h */,
				063702F1154ED81C0076AB68 /* NSObject+SBJSON.m */,
				063702F2154ED81C0076AB68 /* NSString+SBJSON.h */,
				063702F3154ED81C0076AB68 /* NSString+SBJSON.m */,
				063702F4154ED81C0076AB68 /* SBJSON.h */,
				063702F5154ED81C0076AB68 /* SBJSON.m */,
				063702F6154ED81C0076AB68 /* SBJsonBase.h */,
				063702F7154ED81C0076AB68 /* SBJsonBase.m */,
				063702F8154ED81C0076AB68 /* SBJsonParser.h */,
				063702F9154ED81C0076AB68 /* SBJsonParser.m */,
				063702FA154ED81C0076AB68 /* SBJsonWriter.h */,
				063702FB154ED81C0076AB68 /* SBJsonWriter.m */,
			);
			path = JSON;
			sourceTree = "<group>";
		};
		0637034A15527AE80076AB68 /* images */ = {
			isa = PBXGroup;
			children = (
				063702D9154ED7BD0076AB68 /* facebook_icon.jpg */,
				063702DA154ED7BD0076AB68 /* twitter_icon.jpg */,
			);
			name = images;
			sourceTree = "<group>";
		};
		0637034B15527B270076AB68 /* en.lproj */ = {
			isa = PBXGroup;
			children = (
				0637035615527B6A0076AB68 /* Localizable.strings */,
			);
			name = en.lproj;
			path = ShareView/en.lproj;
			sourceTree = "<group>";
		};
		0637035215527B350076AB68 /* ja.lproj */ = {
			isa = PBXGroup;
			children = (
				0637035315527B620076AB68 /* Localizable.strings */,
			);
			name = ja.lproj;
			path = ShareView/ja.lproj;
			sourceTree = "<group>";
		};
/* End PBXGroup section */

/* Begin PBXNativeTarget section */
		06370298154ED5890076AB68 /* ShareView */ = {
			isa = PBXNativeTarget;
			buildConfigurationList = 063702CF154ED58A0076AB68 /* Build configuration list for PBXNativeTarget "ShareView" */;
			buildPhases = (
				06370295154ED5890076AB68 /* Sources */,
				06370296154ED5890076AB68 /* Frameworks */,
				06370297154ED5890076AB68 /* Resources */,
			);
			buildRules = (
			);
			dependencies = (
			);
			name = ShareView;
			productName = ShareView;
			productReference = 06370299154ED5890076AB68 /* ShareView.app */;
			productType = "com.apple.product-type.application";
		};
		063702BC154ED58A0076AB68 /* ShareViewTests */ = {
			isa = PBXNativeTarget;
			buildConfigurationList = 063702D2154ED58A0076AB68 /* Build configuration list for PBXNativeTarget "ShareViewTests" */;
			buildPhases = (
				063702B8154ED58A0076AB68 /* Sources */,
				063702B9154ED58A0076AB68 /* Frameworks */,
				063702BA154ED58A0076AB68 /* Resources */,
				063702BB154ED58A0076AB68 /* ShellScript */,
			);
			buildRules = (
			);
			dependencies = (
				063702C3154ED58A0076AB68 /* PBXTargetDependency */,
			);
			name = ShareViewTests;
			productName = ShareViewTests;
			productReference = 063702BD154ED58A0076AB68 /* ShareViewTests.octest */;
			productType = "com.apple.product-type.bundle";
		};
/* End PBXNativeTarget section */

/* Begin PBXProject section */
		06370290154ED5890076AB68 /* Project object */ = {
			isa = PBXProject;
			attributes = {
				LastUpgradeCheck = 0430;
				ORGANIZATIONNAME = atrac613.io;
			};
			buildConfigurationList = 06370293154ED5890076AB68 /* Build configuration list for PBXProject "ShareView" */;
			compatibilityVersion = "Xcode 3.2";
			developmentRegion = English;
			hasScannedForEncodings = 0;
			knownRegions = (
				en,
				ja,
			);
			mainGroup = 0637028E154ED5890076AB68;
			productRefGroup = 0637029A154ED5890076AB68 /* Products */;
			projectDirPath = "";
			projectReferences = (
				{
					ProductGroup = 063702DF154ED81C0076AB68 /* Products */;
					ProjectRef = 063702DE154ED81C0076AB68 /* facebook-ios-sdk.xcodeproj */;
				},
			);
			projectRoot = "";
			targets = (
				06370298154ED5890076AB68 /* ShareView */,
				063702BC154ED58A0076AB68 /* ShareViewTests */,
			);
		};
/* End PBXProject section */

/* Begin PBXReferenceProxy section */
		0637030D154ED81C0076AB68 /* libfacebook_ios_sdk.a */ = {
			isa = PBXReferenceProxy;
			fileType = archive.ar;
			path = libfacebook_ios_sdk.a;
			remoteRef = 0637030C154ED81C0076AB68 /* PBXContainerItemProxy */;
			sourceTree = BUILT_PRODUCTS_DIR;
		};
/* End PBXReferenceProxy section */

/* Begin PBXResourcesBuildPhase section */
		06370297154ED5890076AB68 /* Resources */ = {
			isa = PBXResourcesBuildPhase;
			buildActionMask = 2147483647;
			files = (
				063702A8154ED5890076AB68 /* InfoPlist.strings in Resources */,
				063702B1154ED5890076AB68 /* MainStoryboard.storyboard in Resources */,
				063702DB154ED7BD0076AB68 /* facebook_icon.jpg in Resources */,
				063702DC154ED7BD0076AB68 /* twitter_icon.jpg in Resources */,
				06370300154ED81C0076AB68 /* FBDialog.bundle in Resources */,
				0637035515527B620076AB68 /* Localizable.strings in Resources */,
				0637035815527B6A0076AB68 /* Localizable.strings in Resources */,
			);
			runOnlyForDeploymentPostprocessing = 0;
		};
		063702BA154ED58A0076AB68 /* Resources */ = {
			isa = PBXResourcesBuildPhase;
			buildActionMask = 2147483647;
			files = (
				063702C9154ED58A0076AB68 /* InfoPlist.strings in Resources */,
			);
			runOnlyForDeploymentPostprocessing = 0;
		};
/* End PBXResourcesBuildPhase section */

/* Begin PBXShellScriptBuildPhase section */
		063702BB154ED58A0076AB68 /* ShellScript */ = {
			isa = PBXShellScriptBuildPhase;
			buildActionMask = 2147483647;
			files = (
			);
			inputPaths = (
			);
			outputPaths = (
			);
			runOnlyForDeploymentPostprocessing = 0;
			shellPath = /bin/sh;
			shellScript = "# Run the unit tests in this test bundle.\n\"${SYSTEM_DEVELOPER_DIR}/Tools/RunUnitTests\"\n";
		};
/* End PBXShellScriptBuildPhase section */

/* Begin PBXSourcesBuildPhase section */
		06370295154ED5890076AB68 /* Sources */ = {
			isa = PBXSourcesBuildPhase;
			buildActionMask = 2147483647;
			files = (
				0637034915527AC90076AB68 /* PendingView.m in Sources */,
				063702AA154ED5890076AB68 /* main.m in Sources */,
				063702AE154ED5890076AB68 /* AppDelegate.m in Sources */,
				063702B4154ED5890076AB68 /* MasterViewController.m in Sources */,
				063702D7154ED6010076AB68 /* ShareViewController.m in Sources */,
				063702FF154ED81C0076AB68 /* Facebook.m in Sources */,
				06370301154ED81C0076AB68 /* FBDialog.m in Sources */,
				06370302154ED81C0076AB68 /* FBFrictionlessRequestSettings.m in Sources */,
				06370303154ED81C0076AB68 /* FBLoginDialog.m in Sources */,
				06370304154ED81C0076AB68 /* FBRequest.m in Sources */,
				06370305154ED81C0076AB68 /* NSObject+SBJSON.m in Sources */,
				06370306154ED81C0076AB68 /* NSString+SBJSON.m in Sources */,
				06370307154ED81C0076AB68 /* SBJSON.m in Sources */,
				06370308154ED81C0076AB68 /* SBJsonBase.m in Sources */,
				06370309154ED81C0076AB68 /* SBJsonParser.m in Sources */,
				0637030A154ED81C0076AB68 /* SBJsonWriter.m in Sources */,
			);
			runOnlyForDeploymentPostprocessing = 0;
		};
		063702B8154ED58A0076AB68 /* Sources */ = {
			isa = PBXSourcesBuildPhase;
			buildActionMask = 2147483647;
			files = (
				063702CC154ED58A0076AB68 /* ShareViewTests.m in Sources */,
				06370332155276440076AB68 /* PendingView.m in Sources */,
			);
			runOnlyForDeploymentPostprocessing = 0;
		};
/* End PBXSourcesBuildPhase section */

/* Begin PBXTargetDependency section */
		063702C3154ED58A0076AB68 /* PBXTargetDependency */ = {
			isa = PBXTargetDependency;
			target = 06370298154ED5890076AB68 /* ShareView */;
			targetProxy = 063702C2154ED58A0076AB68 /* PBXContainerItemProxy */;
		};
/* End PBXTargetDependency section */

/* Begin PBXVariantGroup section */
		063702A6154ED5890076AB68 /* InfoPlist.strings */ = {
			isa = PBXVariantGroup;
			children = (
				063702A7154ED5890076AB68 /* en */,
			);
			name = InfoPlist.strings;
			sourceTree = "<group>";
		};
		063702AF154ED5890076AB68 /* MainStoryboard.storyboard */ = {
			isa = PBXVariantGroup;
			children = (
				063702B0154ED5890076AB68 /* en */,
			);
			name = MainStoryboard.storyboard;
			sourceTree = "<group>";
		};
		063702C7154ED58A0076AB68 /* InfoPlist.strings */ = {
			isa = PBXVariantGroup;
			children = (
				063702C8154ED58A0076AB68 /* en */,
			);
			name = InfoPlist.strings;
			sourceTree = "<group>";
		};
		0637035315527B620076AB68 /* Localizable.strings */ = {
			isa = PBXVariantGroup;
			children = (
				0637035415527B620076AB68 /* ja */,
			);
			name = Localizable.strings;
			sourceTree = "<group>";
		};
		0637035615527B6A0076AB68 /* Localizable.strings */ = {
			isa = PBXVariantGroup;
			children = (
				0637035715527B6A0076AB68 /* en */,
			);
			name = Localizable.strings;
			sourceTree = "<group>";
		};
/* End PBXVariantGroup section */

/* Begin XCBuildConfiguration section */
		063702CD154ED58A0076AB68 /* Debug */ = {
			isa = XCBuildConfiguration;
			buildSettings = {
				ALWAYS_SEARCH_USER_PATHS = NO;
				ARCHS = "$(ARCHS_STANDARD_32_BIT)";
				CLANG_ENABLE_OBJC_ARC = YES;
				"CODE_SIGN_IDENTITY[sdk=iphoneos*]" = "iPhone Developer";
				COPY_PHASE_STRIP = NO;
				GCC_C_LANGUAGE_STANDARD = gnu99;
				GCC_DYNAMIC_NO_PIC = NO;
				GCC_OPTIMIZATION_LEVEL = 0;
				GCC_PREPROCESSOR_DEFINITIONS = (
					"DEBUG=1",
					"$(inherited)",
				);
				GCC_SYMBOLS_PRIVATE_EXTERN = NO;
				GCC_VERSION = com.apple.compilers.llvm.clang.1_0;
				GCC_WARN_ABOUT_RETURN_TYPE = YES;
				GCC_WARN_UNINITIALIZED_AUTOS = YES;
				GCC_WARN_UNUSED_VARIABLE = YES;
				IPHONEOS_DEPLOYMENT_TARGET = 5.1;
				SDKROOT = iphoneos;
			};
			name = Debug;
		};
		063702CE154ED58A0076AB68 /* Release */ = {
			isa = XCBuildConfiguration;
			buildSettings = {
				ALWAYS_SEARCH_USER_PATHS = NO;
				ARCHS = "$(ARCHS_STANDARD_32_BIT)";
				CLANG_ENABLE_OBJC_ARC = YES;
				"CODE_SIGN_IDENTITY[sdk=iphoneos*]" = "iPhone Developer";
				COPY_PHASE_STRIP = YES;
				GCC_C_LANGUAGE_STANDARD = gnu99;
				GCC_VERSION = com.apple.compilers.llvm.clang.1_0;
				GCC_WARN_ABOUT_RETURN_TYPE = YES;
				GCC_WARN_UNINITIALIZED_AUTOS = YES;
				GCC_WARN_UNUSED_VARIABLE = YES;
				IPHONEOS_DEPLOYMENT_TARGET = 5.1;
				OTHER_CFLAGS = "-DNS_BLOCK_ASSERTIONS=1";
				SDKROOT = iphoneos;
				VALIDATE_PRODUCT = YES;
			};
			name = Release;
		};
		063702D0154ED58A0076AB68 /* Debug */ = {
			isa = XCBuildConfiguration;
			buildSettings = {
				GCC_PRECOMPILE_PREFIX_HEADER = YES;
				GCC_PREFIX_HEADER = "ShareView/ShareView-Prefix.pch";
				INFOPLIST_FILE = "ShareView/ShareView-Info.plist";
				PRODUCT_NAME = "$(TARGET_NAME)";
				WRAPPER_EXTENSION = app;
			};
			name = Debug;
		};
		063702D1154ED58A0076AB68 /* Release */ = {
			isa = XCBuildConfiguration;
			buildSettings = {
				GCC_PRECOMPILE_PREFIX_HEADER = YES;
				GCC_PREFIX_HEADER = "ShareView/ShareView-Prefix.pch";
				INFOPLIST_FILE = "ShareView/ShareView-Info.plist";
				PRODUCT_NAME = "$(TARGET_NAME)";
				WRAPPER_EXTENSION = app;
			};
			name = Release;
		};
		063702D3154ED58A0076AB68 /* Debug */ = {
			isa = XCBuildConfiguration;
			buildSettings = {
				BUNDLE_LOADER = "$(BUILT_PRODUCTS_DIR)/ShareView.app/ShareView";
				FRAMEWORK_SEARCH_PATHS = (
					"$(SDKROOT)/Developer/Library/Frameworks",
					"$(DEVELOPER_LIBRARY_DIR)/Frameworks",
				);
				GCC_PRECOMPILE_PREFIX_HEADER = YES;
				GCC_PREFIX_HEADER = "ShareView/ShareView-Prefix.pch";
				INFOPLIST_FILE = "ShareViewTests/ShareViewTests-Info.plist";
				PRODUCT_NAME = "$(TARGET_NAME)";
				TEST_HOST = "$(BUNDLE_LOADER)";
				WRAPPER_EXTENSION = octest;
			};
			name = Debug;
		};
		063702D4154ED58A0076AB68 /* Release */ = {
			isa = XCBuildConfiguration;
			buildSettings = {
				BUNDLE_LOADER = "$(BUILT_PRODUCTS_DIR)/ShareView.app/ShareView";
				FRAMEWORK_SEARCH_PATHS = (
					"$(SDKROOT)/Developer/Library/Frameworks",
					"$(DEVELOPER_LIBRARY_DIR)/Frameworks",
				);
				GCC_PRECOMPILE_PREFIX_HEADER = YES;
				GCC_PREFIX_HEADER = "ShareView/ShareView-Prefix.pch";
				INFOPLIST_FILE = "ShareViewTests/ShareViewTests-Info.plist";
				PRODUCT_NAME = "$(TARGET_NAME)";
				TEST_HOST = "$(BUNDLE_LOADER)";
				WRAPPER_EXTENSION = octest;
			};
			name = Release;
		};
/* End XCBuildConfiguration section */

/* Begin XCConfigurationList section */
		06370293154ED5890076AB68 /* Build configuration list for PBXProject "ShareView" */ = {
			isa = XCConfigurationList;
			buildConfigurations = (
				063702CD154ED58A0076AB68 /* Debug */,
				063702CE154ED58A0076AB68 /* Release */,
			);
			defaultConfigurationIsVisible = 0;
			defaultConfigurationName = Release;
		};
		063702CF154ED58A0076AB68 /* Build configuration list for PBXNativeTarget "ShareView" */ = {
			isa = XCConfigurationList;
			buildConfigurations = (
				063702D0154ED58A0076AB68 /* Debug */,
				063702D1154ED58A0076AB68 /* Release */,
			);
			defaultConfigurationIsVisible = 0;
			defaultConfigurationName = Release;
		};
		063702D2154ED58A0076AB68 /* Build configuration list for PBXNativeTarget "ShareViewTests" */ = {
			isa = XCConfigurationList;
			buildConfigurations = (
				063702D3154ED58A0076AB68 /* Debug */,
				063702D4154ED58A0076AB68 /* Release */,
			);
			defaultConfigurationIsVisible = 0;
			defaultConfigurationName = Release;
		};
/* End XCConfigurationList section */
	};
	rootObject = 06370290154ED5890076AB68 /* Project object */;
}
